<?xml version="1.0" encoding="utf-8"?>
<Project ToolsVersion="4.0" xmlns="http://schemas.microsoft.com/developer/msbuild/2003">
  <ItemGroup>
    <Filter Include="Исходные файлы">
      <UniqueIdentifier>{4FC737F1-C7A5-4376-A066-2A32D752A2FF}</UniqueIdentifier>
      <Extensions>cpp;c;cc;cxx;c++;cppm;ixx;def;odl;idl;hpj;bat;asm;asmx</Extensions>
    </Filter>
    <Filter Include="Файлы заголовков">
      <UniqueIdentifier>{93995380-89BD-4b04-88EB-625FBE52EBFB}</UniqueIdentifier>
      <Extensions>h;hh;hpp;hxx;h++;hm;inl;inc;ipp;xsd</Extensions>
    </Filter>
    <Filter Include="Файлы ресурсов">
      <UniqueIdentifier>{67DA6AB6-F800-4c08-8B7A-83BB121AAD01}</UniqueIdentifier>
      <Extensions>rc;ico;cur;bmp;dlg;rc2;rct;bin;rgs;gif;jpg;jpeg;jpe;resx;tiff;tif;png;wav;mfcribbon-ms</Extensions>
    </Filter>
  </ItemGroup>
  <ItemGroup>
    <ClCompile Include="DllMain.cpp">
      <Filter>Исходные файлы</Filter>
    </ClCompile>
    <ClCompile Include="includes\minhook\buffer.c">
      <Filter>Исходные файлы</Filter>
    </ClCompile>
    <ClCompile Include="includes\minhook\hook.c">
      <Filter>Исходные файлы</Filter>
    </ClCompile>
    <ClCompile Include="includes\minhook\trampoline.c">
      <Filter>Исходные файлы</Filter>
    </ClCompile>
    <ClCompile Include="includes\minhook\hde\hde32.c">
      <Filter>Исходные файлы</Filter>
    </ClCompile>
    <ClCompile Include="includes\minhook\hde\hde64.c">
      <Filter>Исходные файлы</Filter>
    </ClCompile>
    <ClCompile Include="Install.cpp">
      <Filter>Исходные файлы</Filter>
    </ClCompile>
    <ClCompile Include="hack\hooks\hooks.cpp">
      <Filter>Исходные файлы</Filter>
    </ClCompile>
    <ClCompile Include="includes\imgui\imgui.cpp">
      <Filter>Исходные файлы</Filter>
    </ClCompile>
    <ClCompile Include="includes\imgui\imgui_demo.cpp">
      <Filter>Исходные файлы</Filter>
    </ClCompile>
    <ClCompile Include="includes\imgui\imgui_draw.cpp">
      <Filter>Исходные файлы</Filter>
    </ClCompile>
    <ClCompile Include="includes\imgui\imgui_impl_opengl2.cpp">
      <Filter>Исходные файлы</Filter>
    </ClCompile>
    <ClCompile Include="includes\imgui\imgui_impl_win32.cpp">
      <Filter>Исходные файлы</Filter>
    </ClCompile>
    <ClCompile Include="includes\imgui\imgui_tables.cpp">
      <Filter>Исходные файлы</Filter>
    </ClCompile>
    <ClCompile Include="includes\imgui\imgui_widgets.cpp">
      <Filter>Исходные файлы</Filter>
    </ClCompile>
    <ClCompile Include="hack\memory\memory.cpp">
      <Filter>Исходные файлы</Filter>
    </ClCompile>
    <ClCompile Include="hack\menu\menu.cpp">
      <Filter>Исходные файлы</Filter>
    </ClCompile>
    <ClCompile Include="hack\features\features.cpp">
      <Filter>Исходные файлы</Filter>
    </ClCompile>
    <ClCompile Include="hack\features\misc\infHealth.cpp">
      <Filter>Исходные файлы</Filter>
    </ClCompile>
    <ClCompile Include="hack\features\misc\infArmor.cpp">
      <Filter>Исходные файлы</Filter>
    </ClCompile>
    <ClCompile Include="hack\features\misc\infAmmo.cpp">
      <Filter>Исходные файлы</Filter>
    </ClCompile>
    <ClCompile Include="sdk\draw\glDraw.cpp">
      <Filter>Исходные файлы</Filter>
    </ClCompile>
    <ClCompile Include="hack\features\render\esp.cpp">
      <Filter>Исходные файлы</Filter>
    </ClCompile>
    <ClCompile Include="sdk\utils\world.cpp">
      <Filter>Исходные файлы</Filter>
    </ClCompile>
    <ClCompile Include="hack\features\aim\aimbot.cpp">
      <Filter>Исходные файлы</Filter>
    </ClCompile>
    <ClCompile Include="hack\features\render\nametags.cpp">
      <Filter>Исходные файлы</Filter>
    </ClCompile>
    <ClCompile Include="hack\features\aim\noPushBack.cpp">
      <Filter>Исходные файлы</Filter>
    </ClCompile>
    <ClCompile Include="hack\features\aim\noRecoil.cpp">
      <Filter>Исходные файлы</Filter>
    </ClCompile>
    <ClCompile Include="hack\features\aim\noSpread.cpp">
      <Filter>Исходные файлы</Filter>
    </ClCompile>
    <ClCompile Include="hack\features\aim\noGunMovment.cpp">
      <Filter>Исходные файлы</Filter>
    </ClCompile>
    <ClCompile Include="hack\features\render\snaplines.cpp">
      <Filter>Исходные файлы</Filter>
    </ClCompile>
  </ItemGroup>
  <ItemGroup>
    <ClInclude Include="includes\minhook\buffer.h">
      <Filter>Файлы заголовков</Filter>
    </ClInclude>
    <ClInclude Include="includes\minhook\MinHook.h">
      <Filter>Файлы заголовков</Filter>
    </ClInclude>
    <ClInclude Include="includes\minhook\trampoline.h">
      <Filter>Файлы заголовков</Filter>
    </ClInclude>
    <ClInclude Include="includes\minhook\hde\hde32.h">
      <Filter>Файлы заголовков</Filter>
    </ClInclude>
    <ClInclude Include="includes\minhook\hde\hde64.h">
      <Filter>Файлы заголовков</Filter>
    </ClInclude>
    <ClInclude Include="includes\minhook\hde\pstdint.h">
      <Filter>Файлы заголовков</Filter>
    </ClInclude>
    <ClInclude Include="includes\minhook\hde\table32.h">
      <Filter>Файлы заголовков</Filter>
    </ClInclude>
    <ClInclude Include="includes\minhook\hde\table64.h">
      <Filter>Файлы заголовков</Filter>
    </ClInclude>
    <ClInclude Include="install.hpp">
      <Filter>Файлы заголовков</Filter>
    </ClInclude>
    <ClInclude Include="hack\hack.hpp">
      <Filter>Файлы заголовков</Filter>
    </ClInclude>
    <ClInclude Include="hack\hooks\hooks.hpp">
      <Filter>Файлы заголовков</Filter>
    </ClInclude>
    <ClInclude Include="includes\imgui\imconfig.h">
      <Filter>Файлы заголовков</Filter>
    </ClInclude>
    <ClInclude Include="includes\imgui\imgui.h">
      <Filter>Файлы заголовков</Filter>
    </ClInclude>
    <ClInclude Include="includes\imgui\imgui_impl_opengl2.h">
      <Filter>Файлы заголовков</Filter>
    </ClInclude>
    <ClInclude Include="includes\imgui\imgui_impl_win32.h">
      <Filter>Файлы заголовков</Filter>
    </ClInclude>
    <ClInclude Include="includes\imgui\imgui_internal.h">
      <Filter>Файлы заголовков</Filter>
    </ClInclude>
    <ClInclude Include="includes\imgui\imstb_rectpack.h">
      <Filter>Файлы заголовков</Filter>
    </ClInclude>
    <ClInclude Include="includes\imgui\imstb_textedit.h">
      <Filter>Файлы заголовков</Filter>
    </ClInclude>
    <ClInclude Include="includes\imgui\imstb_truetype.h">
      <Filter>Файлы заголовков</Filter>
    </ClInclude>
    <ClInclude Include="hack\config.hpp">
      <Filter>Файлы заголовков</Filter>
    </ClInclude>
    <ClInclude Include="hack\memory\memory.hpp">
      <Filter>Файлы заголовков</Filter>
    </ClInclude>
    <ClInclude Include="hack\menu\menu.hpp">
      <Filter>Файлы заголовков</Filter>
    </ClInclude>
    <ClInclude Include="hack\features\features.hpp">
      <Filter>Файлы заголовков</Filter>
    </ClInclude>
    <ClInclude Include="sdk\gamestuct\player.hpp">
      <Filter>Файлы заголовков</Filter>
    </ClInclude>
    <ClInclude Include="sdk\gamestuct\vec.hpp">
      <Filter>Файлы заголовков</Filter>
    </ClInclude>
    <ClInclude Include="sdk\draw\glDraw.hpp">
      <Filter>Файлы заголовков</Filter>
    </ClInclude>
    <ClInclude Include="sdk\sdk.hpp">
      <Filter>Файлы заголовков</Filter>
    </ClInclude>
    <ClInclude Include="sdk\utils\world.hpp">
      <Filter>Файлы заголовков</Filter>
    </ClInclude>
    <ClInclude Include="sdk\gamestuct\weapon.hpp">
      <Filter>Файлы заголовков</Filter>
    </ClInclude>
  </ItemGroup>
</Project>